// !$*UTF8*$!
{
	archiveVersion = 1;
	classes = {
	};
	objectVersion = 56;
	objects = {

/* Begin PBXBuildFile section */
		21C5ED042C0CBE01009C3466 /* cb_testApp.swift in Sources */ = {isa = PBXBuildFile; fileRef = 21C5ED032C0CBE01009C3466 /* cb_testApp.swift */; };
		21C5ED062C0CBE01009C3466 /* ContentView.swift in Sources */ = {isa = PBXBuildFile; fileRef = 21C5ED052C0CBE01009C3466 /* ContentView.swift */; };
		21C5ED082C0CBE02009C3466 /* Assets.xcassets in Resources */ = {isa = PBXBuildFile; fileRef = 21C5ED072C0CBE02009C3466 /* Assets.xcassets */; };
		21C5ED0B2C0CBE02009C3466 /* Preview Assets.xcassets in Resources */ = {isa = PBXBuildFile; fileRef = 21C5ED0A2C0CBE02009C3466 /* Preview Assets.xcassets */; };
		21C5ED142C0CBE4D009C3466 /* CBManager.swift in Sources */ = {isa = PBXBuildFile; fileRef = 21C5ED132C0CBE4D009C3466 /* CBManager.swift */; };
		21C5ED162C0CCD6B009C3466 /* BLPeripheralManager.swift in Sources */ = {isa = PBXBuildFile; fileRef = 21C5ED152C0CCD6B009C3466 /* BLPeripheralManager.swift */; };
		21C5ED182C0CE10D009C3466 /* BLCentralManager.swift in Sources */ = {isa = PBXBuildFile; fileRef = 21C5ED172C0CE10D009C3466 /* BLCentralManager.swift */; };
/* End PBXBuildFile section */

/* Begin PBXFileReference section */
		21C5ED002C0CBE01009C3466 /* cb-test.app */ = {isa = PBXFileReference; explicitFileType = wrapper.application; includeInIndex = 0; path = "cb-test.app"; sourceTree = BUILT_PRODUCTS_DIR; };
		21C5ED032C0CBE01009C3466 /* cb_testApp.swift */ = {isa = PBXFileReference; lastKnownFileType = sourcecode.swift; path = cb_testApp.swift; sourceTree = "<group>"; };
		21C5ED052C0CBE01009C3466 /* ContentView.swift */ = {isa = PBXFileReference; lastKnownFileType = sourcecode.swift; path = ContentView.swift; sourceTree = "<group>"; };
		21C5ED072C0CBE02009C3466 /* Assets.xcassets */ = {isa = PBXFileReference; lastKnownFileType = folder.assetcatalog; path = Assets.xcassets; sourceTree = "<group>"; };
		21C5ED0A2C0CBE02009C3466 /* Preview Assets.xcassets */ = {isa = PBXFileReference; lastKnownFileType = folder.assetcatalog; path = "Preview Assets.xcassets"; sourceTree = "<group>"; };
		21C5ED0C2C0CBE02009C3466 /* cb_test.entitlements */ = {isa = PBXFileReference; lastKnownFileType = text.plist.entitlements; path = cb_test.entitlements; sourceTree = "<group>"; };
		21C5ED132C0CBE4D009C3466 /* CBManager.swift */ = {isa = PBXFileReference; lastKnownFileType = sourcecode.swift; path = CBManager.swift; sourceTree = "<group>"; };
		21C5ED152C0CCD6B009C3466 /* BLPeripheralManager.swift */ = {isa = PBXFileReference; lastKnownFileType = sourcecode.swift; path = BLPeripheralManager.swift; sourceTree = "<group>"; };
		21C5ED172C0CE10D009C3466 /* BLCentralManager.swift */ = {isa = PBXFileReference; lastKnownFileType = sourcecode.swift; path = BLCentralManager.swift; sourceTree = "<group>"; };
/* End PBXFileReference section */

/* Begin PBXFrameworksBuildPhase section */
		21C5ECFD2C0CBE01009C3466 /* Frameworks */ = {
			isa = PBXFrameworksBuildPhase;
			buildActionMask = 2147483647;
			files = (
			);
			runOnlyForDeploymentPostprocessing = 0;
		};
/* End PBXFrameworksBuildPhase section */

/* Begin PBXGroup section */
		21C5ECF72C0CBE01009C3466 = {
			isa = PBXGroup;
			children = (
				21C5ED022C0CBE01009C3466 /* cb-test */,
				21C5ED012C0CBE01009C3466 /* Products */,
			);
			sourceTree = "<group>";
		};
		21C5ED012C0CBE01009C3466 /* Products */ = {
			isa = PBXGroup;
			children = (
				21C5ED002C0CBE01009C3466 /* cb-test.app */,
			);
			name = Products;
			sourceTree = "<group>";
		};
		21C5ED022C0CBE01009C3466 /* cb-test */ = {
			isa = PBXGroup;
			children = (
				21C5ED122C0CBE3E009C3466 /* Managers */,
				21C5ED032C0CBE01009C3466 /* cb_testApp.swift */,
				21C5ED052C0CBE01009C3466 /* ContentView.swift */,
				21C5ED072C0CBE02009C3466 /* Assets.xcassets */,
				21C5ED0C2C0CBE02009C3466 /* cb_test.entitlements */,
				21C5ED092C0CBE02009C3466 /* Preview Content */,
			);
			path = "cb-test";
			sourceTree = "<group>";
		};
		21C5ED092C0CBE02009C3466 /* Preview Content */ = {
			isa = PBXGroup;
			children = (
				21C5ED0A2C0CBE02009C3466 /* Preview Assets.xcassets */,
			);
			path = "Preview Content";
			sourceTree = "<group>";
		};
		21C5ED122C0CBE3E009C3466 /* Managers */ = {
			isa = PBXGroup;
			children = (
				21C5ED132C0CBE4D009C3466 /* CBManager.swift */,
				21C5ED152C0CCD6B009C3466 /* BLPeripheralManager.swift */,
				21C5ED172C0CE10D009C3466 /* BLCentralManager.swift */,
			);
			path = Managers;
			sourceTree = "<group>";
		};
/* End PBXGroup section */

/* Begin PBXNativeTarget section */
		21C5ECFF2C0CBE01009C3466 /* cb-test */ = {
			isa = PBXNativeTarget;
			buildConfigurationList = 21C5ED0F2C0CBE02009C3466 /* Build configuration list for PBXNativeTarget "cb-test" */;
			buildPhases = (
				21C5ECFC2C0CBE01009C3466 /* Sources */,
				21C5ECFD2C0CBE01009C3466 /* Frameworks */,
				21C5ECFE2C0CBE01009C3466 /* Resources */,
			);
			buildRules = (
			);
			dependencies = (
			);
			name = "cb-test";
			productName = "cb-test";
			productReference = 21C5ED002C0CBE01009C3466 /* cb-test.app */;
			productType = "com.apple.product-type.application";
		};
/* End PBXNativeTarget section */

/* Begin PBXProject section */
		21C5ECF82C0CBE01009C3466 /* Project object */ = {
			isa = PBXProject;
			attributes = {
				BuildIndependentTargetsInParallel = 1;
				LastSwiftUpdateCheck = 1510;
				LastUpgradeCheck = 1510;
				TargetAttributes = {
					21C5ECFF2C0CBE01009C3466 = {
						CreatedOnToolsVersion = 15.1;
					};
				};
			};
			buildConfigurationList = 21C5ECFB2C0CBE01009C3466 /* Build configuration list for PBXProject "cb-test" */;
			compatibilityVersion = "Xcode 14.0";
			developmentRegion = en;
			hasScannedForEncodings = 0;
			knownRegions = (
				en,
				Base,
			);
			mainGroup = 21C5ECF72C0CBE01009C3466;
			productRefGroup = 21C5ED012C0CBE01009C3466 /* Products */;
			projectDirPath = "";
			projectRoot = "";
			targets = (
				21C5ECFF2C0CBE01009C3466 /* cb-test */,
			);
		};
/* End PBXProject section */

/* Begin PBXResourcesBuildPhase section */
		21C5ECFE2C0CBE01009C3466 /* Resources */ = {
			isa = PBXResourcesBuildPhase;
			buildActionMask = 2147483647;
			files = (
				21C5ED0B2C0CBE02009C3466 /* Preview Assets.xcassets in Resources */,
				21C5ED082C0CBE02009C3466 /* Assets.xcassets in Resources */,
			);
			runOnlyForDeploymentPostprocessing = 0;
		};
/* End PBXResourcesBuildPhase section */

/* Begin PBXSourcesBuildPhase section */
		21C5ECFC2C0CBE01009C3466 /* Sources */ = {
			isa = PBXSourcesBuildPhase;
			buildActionMask = 2147483647;
			files = (
				21C5ED142C0CBE4D009C3466 /* CBManager.swift in Sources */,
				21C5ED062C0CBE01009C3466 /* ContentView.swift in Sources */,
				21C5ED182C0CE10D009C3466 /* BLCentralManager.swift in Sources */,
				21C5ED162C0CCD6B009C3466 /* BLPeripheralManager.swift in Sources */,
				21C5ED042C0CBE01009C3466 /* cb_testApp.swift in Sources */,
			);
			runOnlyForDeploymentPostprocessing = 0;
		};
/* End PBXSourcesBuildPhase section */

/* Begin XCBuildConfiguration section */
		21C5ED0D2C0CBE02009C3466 /* Debug */ = {
			isa = XCBuildConfiguration;
			buildSettings = {
				ALWAYS_SEARCH_USER_PATHS = NO;
				ASSETCATALOG_COMPILER_GENERATE_SWIFT_ASSET_SYMBOL_EXTENSIONS = YES;
				CLANG_ANALYZER_NONNULL = YES;
				CLANG_ANALYZER_NUMBER_OBJECT_CONVERSION = YES_AGGRESSIVE;
				CLANG_CXX_LANGUAGE_STANDARD = "gnu++20";
				CLANG_ENABLE_MODULES = YES;
				CLANG_ENABLE_OBJC_ARC = YES;
				CLANG_ENABLE_OBJC_WEAK = YES;
				CLANG_WARN_BLOCK_CAPTURE_AUTORELEASING = YES;
				CLANG_WARN_BOOL_CONVERSION = YES;
				CLANG_WARN_COMMA = YES;
				CLANG_WARN_CONSTANT_CONVERSION = YES;
				CLANG_WARN_DEPRECATED_OBJC_IMPLEMENTATIONS = YES;
				CLANG_WARN_DIRECT_OBJC_ISA_USAGE = YES_ERROR;
				CLANG_WARN_DOCUMENTATION_COMMENTS = YES;
				CLANG_WARN_EMPTY_BODY = YES;
				CLANG_WARN_ENUM_CONVERSION = YES;
				CLANG_WARN_INFINITE_RECURSION = YES;
				CLANG_WARN_INT_CONVERSION = YES;
				CLANG_WARN_NON_LITERAL_NULL_CONVERSION = YES;
				CLANG_WARN_OBJC_IMPLICIT_RETAIN_SELF = YES;
				CLANG_WARN_OBJC_LITERAL_CONVERSION = YES;
				CLANG_WARN_OBJC_ROOT_CLASS = YES_ERROR;
				CLANG_WARN_QUOTED_INCLUDE_IN_FRAMEWORK_HEADER = YES;
				CLANG_WARN_RANGE_LOOP_ANALYSIS = YES;
				CLANG_WARN_STRICT_PROTOTYPES = YES;
				CLANG_WARN_SUSPICIOUS_MOVE = YES;
				CLANG_WARN_UNGUARDED_AVAILABILITY = YES_AGGRESSIVE;
				CLANG_WARN_UNREACHABLE_CODE = YES;
				CLANG_WARN__DUPLICATE_METHOD_MATCH = YES;
				COPY_PHASE_STRIP = NO;
				DEBUG_INFORMATION_FORMAT = dwarf;
				ENABLE_STRICT_OBJC_MSGSEND = YES;
				ENABLE_TESTABILITY = YES;
				ENABLE_USER_SCRIPT_SANDBOXING = YES;
				GCC_C_LANGUAGE_STANDARD = gnu17;
				GCC_DYNAMIC_NO_PIC = NO;
				GCC_NO_COMMON_BLOCKS = YES;
				GCC_OPTIMIZATION_LEVEL = 0;
				GCC_PREPROCESSOR_DEFINITIONS = (
					"DEBUG=1",
					"$(inherited)",
				);
				GCC_WARN_64_TO_32_BIT_CONVERSION = YES;
				GCC_WARN_ABOUT_RETURN_TYPE = YES_ERROR;
				GCC_WARN_UNDECLARED_SELECTOR = YES;
				GCC_WARN_UNINITIALIZED_AUTOS = YES_AGGRESSIVE;
				GCC_WARN_UNUSED_FUNCTION = YES;
				GCC_WARN_UNUSED_VARIABLE = YES;
				LOCALIZATION_PREFERS_STRING_CATALOGS = YES;
				MACOSX_DEPLOYMENT_TARGET = 14.2;
				MTL_ENABLE_DEBUG_INFO = INCLUDE_SOURCE;
				MTL_FAST_MATH = YES;
				ONLY_ACTIVE_ARCH = YES;
				SDKROOT = macosx;
				SWIFT_ACTIVE_COMPILATION_CONDITIONS = "DEBUG $(inherited)";
				SWIFT_OPTIMIZATION_LEVEL = "-Onone";
			};
			name = Debug;
		};
		21C5ED0E2C0CBE02009C3466 /* Release */ = {
			isa = XCBuildConfiguration;
			buildSettings = {
				ALWAYS_SEARCH_USER_PATHS = NO;
				ASSETCATALOG_COMPILER_GENERATE_SWIFT_ASSET_SYMBOL_EXTENSIONS = YES;
				CLANG_ANALYZER_NONNULL = YES;
				CLANG_ANALYZER_NUMBER_OBJECT_CONVERSION = YES_AGGRESSIVE;
				CLANG_CXX_LANGUAGE_STANDARD = "gnu++20";
				CLANG_ENABLE_MODULES = YES;
				CLANG_ENABLE_OBJC_ARC = YES;
				CLANG_ENABLE_OBJC_WEAK = YES;
				CLANG_WARN_BLOCK_CAPTURE_AUTORELEASING = YES;
				CLANG_WARN_BOOL_CONVERSION = YES;
				CLANG_WARN_COMMA = YES;
				CLANG_WARN_CONSTANT_CONVERSION = YES;
				CLANG_WARN_DEPRECATED_OBJC_IMPLEMENTATIONS = YES;
				CLANG_WARN_DIRECT_OBJC_ISA_USAGE = YES_ERROR;
				CLANG_WARN_DOCUMENTATION_COMMENTS = YES;
				CLANG_WARN_EMPTY_BODY = YES;
				CLANG_WARN_ENUM_CONVERSION = YES;
				CLANG_WARN_INFINITE_RECURSION = YES;
				CLANG_WARN_INT_CONVERSION = YES;
				CLANG_WARN_NON_LITERAL_NULL_CONVERSION = YES;
				CLANG_WARN_OBJC_IMPLICIT_RETAIN_SELF = YES;
				CLANG_WARN_OBJC_LITERAL_CONVERSION = YES;
				CLANG_WARN_OBJC_ROOT_CLASS = YES_ERROR;
				CLANG_WARN_QUOTED_INCLUDE_IN_FRAMEWORK_HEADER = YES;
				CLANG_WARN_RANGE_LOOP_ANALYSIS = YES;
				CLANG_WARN_STRICT_PROTOTYPES = YES;
				CLANG_WARN_SUSPICIOUS_MOVE = YES;
				CLANG_WARN_UNGUARDED_AVAILABILITY = YES_AGGRESSIVE;
				CLANG_WARN_UNREACHABLE_CODE = YES;
				CLANG_WARN__DUPLICATE_METHOD_MATCH = YES;
				COPY_PHASE_STRIP = NO;
				DEBUG_INFORMATION_FORMAT = "dwarf-with-dsym";
				ENABLE_NS_ASSERTIONS = NO;
				ENABLE_STRICT_OBJC_MSGSEND = YES;
				ENABLE_USER_SCRIPT_SANDBOXING = YES;
				GCC_C_LANGUAGE_STANDARD = gnu17;
				GCC_NO_COMMON_BLOCKS = YES;
				GCC_WARN_64_TO_32_BIT_CONVERSION = YES;
				GCC_WARN_ABOUT_RETURN_TYPE = YES_ERROR;
				GCC_WARN_UNDECLARED_SELECTOR = YES;
				GCC_WARN_UNINITIALIZED_AUTOS = YES_AGGRESSIVE;
				GCC_WARN_UNUSED_FUNCTION = YES;
				GCC_WARN_UNUSED_VARIABLE = YES;
				LOCALIZATION_PREFERS_STRING_CATALOGS = YES;
				MACOSX_DEPLOYMENT_TARGET = 14.2;
				MTL_ENABLE_DEBUG_INFO = NO;
				MTL_FAST_MATH = YES;
				SDKROOT = macosx;
				SWIFT_COMPILATION_MODE = wholemodule;
			};
			name = Release;
		};
		21C5ED102C0CBE02009C3466 /* Debug */ = {
			isa = XCBuildConfiguration;
			buildSettings = {
				ASSETCATALOG_COMPILER_APPICON_NAME = AppIcon;
				ASSETCATALOG_COMPILER_GLOBAL_ACCENT_COLOR_NAME = AccentColor;
				CODE_SIGN_ENTITLEMENTS = "cb-test/cb_test.entitlements";
				CODE_SIGN_STYLE = Automatic;
				COMBINE_HIDPI_IMAGES = YES;
				CURRENT_PROJECT_VERSION = 1;
				DEVELOPMENT_ASSET_PATHS = "\"cb-test/Preview Content\"";
				ENABLE_PREVIEWS = YES;
				GENERATE_INFOPLIST_FILE = YES;
				INFOPLIST_KEY_NSBluetoothAlwaysUsageDescription = "Required to do stuff.";
				INFOPLIST_KEY_NSHumanReadableCopyright = "";
				LD_RUNPATH_SEARCH_PATHS = (
					"$(inherited)",
					"@executable_path/../Frameworks",
				);
				MARKETING_VERSION = 1.0;
				PRODUCT_BUNDLE_IDENTIFIER = "com.icidev.cb-test";
				PRODUCT_NAME = "$(TARGET_NAME)";
				SWIFT_EMIT_LOC_STRINGS = YES;
				SWIFT_VERSION = 5.0;
			};
			name = Debug;
		};
		21C5ED112C0CBE02009C3466 /* Release */ = {
			isa = XCBuildConfiguration;
			buildSettings = {
				ASSETCATALOG_COMPILER_APPICON_NAME = AppIcon;
				ASSETCATALOG_COMPILER_GLOBAL_ACCENT_COLOR_NAME = AccentColor;
				CODE_SIGN_ENTITLEMENTS = "cb-test/cb_test.entitlements";
				CODE_SIGN_STYLE = Automatic;
				COMBINE_HIDPI_IMAGES = YES;
				CURRENT_PROJECT_VERSION = 1;
				DEVELOPMENT_ASSET_PATHS = "\"cb-test/Preview Content\"";
				ENABLE_PREVIEWS = YES;
				GENERATE_INFOPLIST_FILE = YES;
				INFOPLIST_KEY_NSBluetoothAlwaysUsageDescription = "Required to do stuff.";
				INFOPLIST_KEY_NSHumanReadableCopyright = "";
				LD_RUNPATH_SEARCH_PATHS = (
					"$(inherited)",
					"@executable_path/../Frameworks",
				);
				MARKETING_VERSION = 1.0;
				PRODUCT_BUNDLE_IDENTIFIER = "com.icidev.cb-test";
				PRODUCT_NAME = "$(TARGET_NAME)";
				SWIFT_EMIT_LOC_STRINGS = YES;
				SWIFT_VERSION = 5.0;
			};
			name = Release;
		};
/* End XCBuildConfiguration section */

/* Begin XCConfigurationList section */
		21C5ECFB2C0CBE01009C3466 /* Build configuration list for PBXProject "cb-test" */ = {
			isa = XCConfigurationList;
			buildConfigurations = (
				21C5ED0D2C0CBE02009C3466 /* Debug */,
				21C5ED0E2C0CBE02009C3466 /* Release */,
			);
			defaultConfigurationIsVisible = 0;
			defaultConfigurationName = Release;
		};
		21C5ED0F2C0CBE02009C3466 /* Build configuration list for PBXNativeTarget "cb-test" */ = {
			isa = XCConfigurationList;
			buildConfigurations = (
				21C5ED102C0CBE02009C3466 /* Debug */,
				21C5ED112C0CBE02009C3466 /* Release */,
			);
			defaultConfigurationIsVisible = 0;
			defaultConfigurationName = Release;
		};
/* End XCConfigurationList section */
	};
	rootObject = 21C5ECF82C0CBE01009C3466 /* Project object */;
}
